
Microsoft Visual Studio Solution File, Format Version 12.00
# Visual Studio Version 16
VisualStudioVersion = 16.0.29306.81
MinimumVisualStudioVersion = 10.0.40219.1
Project("{FAE04EC0-301F-11D3-BF4B-00C04F79EFBC}") = "Dark Green Theme", "Dark Green Theme\Dark Green Theme.csproj", "{652B1098-33CB-4388-ADB4-89A43764EE54}"
EndProject
Project("{FAE04EC0-301F-11D3-BF4B-00C04F79EFBC}") = "Dark Green Theme 2022", "Dark Green Theme 2022\Dark Green Theme 2022.csproj", "{46A464EE-883C-4CA6-872F-CF25E808721C}"
EndProject
Global
	GlobalSection(SolutionConfigurationPlatforms) = preSolution
		Debug|Any CPU = Debug|Any CPU
		Release|Any CPU = Release|Any CPU
	EndGlobalSection
	GlobalSection(ProjectConfigurationPlatforms) = postSolution
		{652B1098-33CB-4388-ADB4-89A43764EE54}.Debug|Any CPU.ActiveCfg = Debug|Any CPU
		{652B1098-33CB-4388-ADB4-89A43764EE54}.Debug|Any CPU.Build.0 = Debug|Any CPU
		{652B1098-33CB-4388-ADB4-89A43764EE54}.Release|Any CPU.ActiveCfg = Release|Any CPU
		{652B1098-33CB-4388-ADB4-89A43764EE54}.Release|Any CPU.Build.0 = Release|Any CPU
		{46A464EE-883C-4CA6-872F-CF25E808721C}.Debug|Any CPU.ActiveCfg = Debug|Any CPU
		{46A464EE-883C-4CA6-872F-CF25E808721C}.Debug|Any CPU.Build.0 = Debug|Any CPU
		{46A464EE-883C-4CA6-872F-CF25E808721C}.Release|Any CPU.ActiveCfg = Release|Any CPU
		{46A464EE-883C-4CA6-872F-CF25E808721C}.Release|Any CPU.Build.0 = Release|Any CPU
	EndGlobalSection
	GlobalSection(SolutionProperties) = preSolution
		HideSolutionNode = FALSE
	EndGlobalSection
	GlobalSection(ExtensibilityGlobals) = postSolution
		SolutionGuid = {68FD8F1E-75A4-445E-9490-C129B147DA28}
	EndGlobalSection
EndGlobal
